<?xml version="1.0" encoding="utf-8"?>
<Project ToolsVersion="4.0" xmlns="http://schemas.microsoft.com/developer/msbuild/2003">
  <ItemGroup>
    <ClCompile Include="main.cpp">
      <Filter>TestFiles\SourceFiles</Filter>
    </ClCompile>
    <ClCompile Include="Test_BitStream.cpp">
      <Filter>TestFiles\SourceFiles</Filter>
    </ClCompile>
    <ClCompile Include="..\..\ESEO_Project\src\Modules\Untested\modulator\BitStream.c">
      <Filter>UUT\SourceFiles</Filter>
    </ClCompile>
  </ItemGroup>
  <ItemGroup>
    <ClInclude Include="..\..\ESEO_Project\src\Modules\Untested\modulator\BitStream.h">
      <Filter>UUT\HeaderFiles</Filter>
    </ClInclude>
  </ItemGroup>
  <ItemGroup>
    <Filter Include="fakes">
      <UniqueIdentifier>{234c5707-f078-4b93-a6a0-3a4fdca79333}</UniqueIdentifier>
    </Filter>
    <Filter Include="TestFiles">
      <UniqueIdentifier>{a8f7c459-7b31-420c-9aa3-9a05a0556443}</UniqueIdentifier>
    </Filter>
    <Filter Include="UUT">
      <UniqueIdentifier>{f8892fc9-ec82-4bc3-8fe9-a108b6812dbe}</UniqueIdentifier>
    </Filter>
    <Filter Include="UUT\SourceFiles">
      <UniqueIdentifier>{b1db720f-a7bd-44e3-921a-28d092782a2f}</UniqueIdentifier>
    </Filter>
    <Filter Include="UUT\HeaderFiles">
      <UniqueIdentifier>{272ee42f-6c6a-45c6-a102-8bae08baba52}</UniqueIdentifier>
    </Filter>
    <Filter Include="TestFiles\SourceFiles">
      <UniqueIdentifier>{d8b104b3-3e04-4041-87e2-98c9d32f2f15}</UniqueIdentifier>
    </Filter>
    <Filter Include="TestFiles\HeaderFiles">
      <UniqueIdentifier>{6c395ecc-76cb-42e3-aeb9-422638472dce}</UniqueIdentifier>
    </Filter>
  </ItemGroup>
</Project>